# This file is autogenerated, do not edit; changes may be undone by the next 'dep ensure'.


[[projects]]
  branch = "master"
  digest = "1:8e91b80da6d170d8350e3dcbd275237846a3f6e6a4236fcc35e9cb06dd08db1c"
  name = "github.com/Chronokeeper/anyxml"
  packages = ["."]
  pruneopts = "UT"
  revision = "54457d8e98c60cb91f18947facfa991ce3ea2ba3"

[[projects]]
  branch = "master"
  digest = "1:d4bdf20b93b78346d40681c66ee5133839780911140b70ef553f117b2a963cb7"
  name = "github.com/CloudyKit/fastprinter"
  packages = ["."]
  pruneopts = "UT"
  revision = "74b38d55f37af5d6c05ca11147d616b613a3420e"

[[projects]]
  digest = "1:5803f73e8574ed21d2d746b4abe020acea49e64838dcc97c8ae76e3b93f36964"
  name = "github.com/CloudyKit/jet"
  packages = ["."]
  pruneopts = "UT"
  revision = "2b064536b25ab0e9c54245f9e2cc5bd4766033fe"
  version = "v2.1.2"

[[projects]]
  branch = "master"
  digest = "1:6f1cea979946d760c3f9726923490f4ce6b427ec2cfd28824fdcc321aaa1dc91"
  name = "github.com/agrison/go-tablib"
  packages = ["."]
  pruneopts = "UT"
  revision = "4930582c22eec7bfc0e5b47e0246d5048a78fe49"

[[projects]]
  branch = "master"
  digest = "1:c77dea0f5e8ca7f60127638a660c23b5183126bc4d59c89e2cad16737843fb51"
  name = "github.com/agrison/mxj"
  packages = ["."]
  pruneopts = "UT"
  revision = "1269f8afb3b42d0e7b9cf60041e8e187727c88d6"

[[projects]]
  digest = "1:6bf2ee5be0e5b6cf8fb2a4f6710cadd5737d0dd3a75798a6564634747535ca93"
  name = "github.com/bndr/gotabulate"
  packages = ["."]
  pruneopts = "UT"
  revision = "94ff52dbe671866d4f5cd3463ecdad8ec550e578"
  version = "v1.1.2"

[[projects]]
  digest = "1:af43bdaaf86655a2343f113e9b293bbc16b12099eaeb223982bbe4d4c22ba14d"
  name = "github.com/fatih/structs"
  packages = ["."]
  pruneopts = "UT"
  revision = "4966fc68f5b7593aafa6cbbba2d65ec6e1416047"
  version = "v1.1.0"

[[projects]]
  digest = "1:38c783cf85b9454cc02a1a8319239800ed0af6c1c864adf19cea0539e134adad"
  name = "github.com/fsnotify/fsnotify"
  packages = ["."]
  pruneopts = "UT"
  revision = "4da3e2cfbabc9f751898f250b49f2439785783a1"

[[projects]]
  digest = "1:2b59aca2665ff804f6606c8829eaee133ddd3aefbc841014660d961b0034f888"
  name = "github.com/gin-contrib/cors"
  packages = ["."]
  pruneopts = "UT"
  revision = "cf4846e6a636a76237a28d9286f163c132e841bc"
  version = "v1.2"

[[projects]]
  digest = "1:36fe9527deed01d2a317617e59304eb2c4ce9f8a24115bcc5c2e37b3aee5bae4"
  name = "github.com/gin-contrib/sse"
  packages = ["."]
  pruneopts = "UT"
  revision = "22d885f9ecc78bf4ee5d72b937e4bbcdc58e8cae"

[[projects]]
  digest = "1:d5083934eb25e45d17f72ffa86cae3814f4a9d6c073c4f16b64147169b245606"
  name = "github.com/gin-gonic/gin"
  packages = [
    ".",
    "binding",
    "json",
    "render",
  ]
  pruneopts = "UT"
  revision = "b869fe1415e4b9eb52f247441830d502aece2d4d"
  version = "v1.3.0"

[[projects]]
  digest = "1:6ba96a683441984156b05568b9d31dbc846d3336d21ac220fcc819a367dc1f65"
  name = "github.com/golang/protobuf"
  packages = ["proto"]
  pruneopts = "UT"
  revision = "5a0f697c9ed9d68fef0116532c6e05cfeae00e55"

[[projects]]
  digest = "1:be97e109f627d3ba8edfef50c9c74f0d0c17cbe3a2e924a8985e4804a894f282"
  name = "github.com/json-iterator/go"
  packages = ["."]
  pruneopts = "UT"
  revision = "36b14963da70d11297d313183d7e6388c8510e1e"
  version = "1.0.0"

[[projects]]
  digest = "1:fa610f9fe6a93f4a75e64c83673dfff9bf1a34bbb21e6102021b6bc7850834a3"
  name = "github.com/mattn/go-isatty"
  packages = ["."]
  pruneopts = "UT"
  revision = "57fdcb988a5c543893cc61bce354a6e24ab70022"

[[projects]]
  digest = "1:4a49346ca45376a2bba679ca0e83bec949d780d4e927931317904bad482943ec"
  name = "github.com/mattn/go-sqlite3"
  packages = ["."]
  pruneopts = "UT"
  revision = "c7c4067b79cc51e6dfdcef5c702e74b1e0fa7c75"
  version = "v1.10.0"

[[projects]]
  digest = "1:2ee0f15eb0fb04f918db7c2dcf39745f40d69f798ef171610a730e8a56aaa4fd"
  name = "github.com/russross/blackfriday"
  packages = ["."]
  pruneopts = "UT"
  revision = "d3b5b032dc8e8927d31a5071b56e14c89f045135"
  version = "v2.0.1"

[[projects]]
  digest = "1:9421f6e9e28ef86933e824b5caff441366f2b69bb281085b9dca40e1f27a1602"
  name = "github.com/shurcooL/sanitized_anchor_name"
  packages = ["."]
  pruneopts = "UT"
  revision = "7bfe4c7ecddb3666a94b053b422cdd8f5aaa3615"
  version = "v1.0.0"

[[projects]]
  digest = "1:e60f2f1cd2e8dfdea48c2440c303d103266e754ab1d8b75796a4e4caddb7a68c"
  name = "github.com/tealeg/xlsx"
  packages = ["."]
  pruneopts = "UT"
  revision = "8be35264fa75a1bbe954ce51eba04f273e2c59e5"
  version = "v1.0.3"

[[projects]]
  digest = "1:c268acaa4a4d94a467980e5e91452eb61c460145765293dc0aed48e5e9919cc6"
  name = "github.com/ugorji/go"
  packages = ["codec"]
  pruneopts = "UT"
  revision = "c88ee250d0221a57af388746f5cf03768c21d6e2"

[[projects]]
  digest = "1:b24d38b282bacf9791408a080f606370efa3d364e4b5fd9ba0f7b87786d3b679"
  name = "github.com/urfave/cli"
  packages = ["."]
  pruneopts = "UT"
  revision = "cfb38830724cc34fedffe9a2a29fb54fa9169cd1"
  version = "v1.20.0"

[[projects]]
  branch = "master"
  digest = "1:1233f7c36e502dfbe21dccf94c1272dd663c41827802253d6c70fe1b81fcaccf"
  name = "github.com/xormplus/builder"
  packages = ["."]
  pruneopts = "UT"
  revision = "b12ceebee76fefe10c429b385ffacaeb2c6711a8"

[[projects]]
  branch = "master"
  digest = "1:9ca6032f6a2ed8c3eeaffa170c6e5ecd727f07aa9f5991ca16b590c826e0803c"
  name = "github.com/xormplus/core"
  packages = ["."]
  pruneopts = "UT"
  revision = "da7907271e2f0d28538963c94e019bfb8101e258"

[[projects]]
  branch = "master"
  digest = "1:5de35beb5a64e6cc35e54357bd2b93c3f556365560b1d5852c29b04ee74251bc"
  name = "github.com/xormplus/xorm"
  packages = ["."]
  pruneopts = "UT"
  revision = "8b49d2dd32ee28ccbf8c47c73f1bdef6b8d5527f"

[[projects]]
  branch = "master"
  digest = "1:3e01c69b34e7c3fa4b7a118ca95a6beaecea00f7f4fb701545d83eacd3badb3c"
  name = "golang.org/x/sys"
  packages = ["unix"]
  pruneopts = "UT"
  revision = "16da32be82c5df9a338c27758247c0b7b0bd8fea"

[[projects]]
  digest = "1:434aab943cc1c082c9df36bd4b1f107d9ef4af930d2ce13d3f2eb008df9196f0"
  name = "gopkg.in/flosch/pongo2.v3"
  packages = ["."]
  pruneopts = "UT"
  revision = "5e81b817a0c48c1c57cdf1a9056cf76bdee02ca9"
  version = "v3.0"

[[projects]]
  digest = "1:1b4724d3c8125f6044925f02b485b74bfec9905cbf579d95aafd1a6c8f8447d3"
  name = "gopkg.in/go-playground/validator.v8"
  packages = ["."]
  pruneopts = "UT"
  revision = "5f57d2222ad794d0dffb07e664ea05e2ee07d60c"
  version = "v8.18.1"

[[projects]]
  digest = "1:4d2e5a73dc1500038e504a8d78b986630e3626dc027bc030ba5c75da257cdb96"
  name = "gopkg.in/yaml.v2"
  packages = ["."]
  pruneopts = "UT"
  revision = "51d6538a90f86fe93ac480b35f37b2be17fef232"
  version = "v2.2.2"

[solve-meta]
  analyzer-name = "dep"
  analyzer-version = 1
  input-imports = [
    "github.com/gin-contrib/cors",
    "github.com/gin-gonic/gin",
    "github.com/mattn/go-sqlite3",
    "github.com/russross/blackfriday",
    "github.com/urfave/cli",
    "github.com/xormplus/xorm",
  ]
  solver-name = "gps-cdcl"
  solver-version = 1
